// !$*UTF8*$!
{
	archiveVersion = 1;
	classes = {
	};
	objectVersion = 50;
	objects = {

/* Begin PBXBuildFile section */
		370AA82D24E13686005F7281 /* AppDelegate.m in Sources */ = {isa = PBXBuildFile; fileRef = 370AA82C24E13686005F7281 /* AppDelegate.m */; };
		370AA83024E13686005F7281 /* ViewController.m in Sources */ = {isa = PBXBuildFile; fileRef = 370AA82F24E13686005F7281 /* ViewController.m */; };
		370AA83224E13686005F7281 /* Assets.xcassets in Resources */ = {isa = PBXBuildFile; fileRef = 370AA83124E13686005F7281 /* Assets.xcassets */; };
		370AA83524E13686005F7281 /* Main.storyboard in Resources */ = {isa = PBXBuildFile; fileRef = 370AA83324E13686005F7281 /* Main.storyboard */; };
		370AA83824E13686005F7281 /* main.m in Sources */ = {isa = PBXBuildFile; fileRef = 370AA83724E13686005F7281 /* main.m */; };
		370AA84124E13FE7005F7281 /* SingleTonInfo.m in Sources */ = {isa = PBXBuildFile; fileRef = 370AA84024E13FE7005F7281 /* SingleTonInfo.m */; };
		370AA84424E14529005F7281 /* JsonToModelTool.m in Sources */ = {isa = PBXBuildFile; fileRef = 370AA84324E14529005F7281 /* JsonToModelTool.m */; };
/* End PBXBuildFile section */

/* Begin PBXFileReference section */
		370AA82824E13686005F7281 /* Json转OC实体.app */ = {isa = PBXFileReference; explicitFileType = wrapper.application; includeInIndex = 0; path = "Json转OC实体.app"; sourceTree = BUILT_PRODUCTS_DIR; };
		370AA82B24E13686005F7281 /* AppDelegate.h */ = {isa = PBXFileReference; lastKnownFileType = sourcecode.c.h; path = AppDelegate.h; sourceTree = "<group>"; };
		370AA82C24E13686005F7281 /* AppDelegate.m */ = {isa = PBXFileReference; lastKnownFileType = sourcecode.c.objc; path = AppDelegate.m; sourceTree = "<group>"; };
		370AA82E24E13686005F7281 /* ViewController.h */ = {isa = PBXFileReference; lastKnownFileType = sourcecode.c.h; path = ViewController.h; sourceTree = "<group>"; };
		370AA82F24E13686005F7281 /* ViewController.m */ = {isa = PBXFileReference; lastKnownFileType = sourcecode.c.objc; path = ViewController.m; sourceTree = "<group>"; };
		370AA83124E13686005F7281 /* Assets.xcassets */ = {isa = PBXFileReference; lastKnownFileType = folder.assetcatalog; path = Assets.xcassets; sourceTree = "<group>"; };
		370AA83424E13686005F7281 /* Base */ = {isa = PBXFileReference; lastKnownFileType = file.storyboard; name = Base; path = Base.lproj/Main.storyboard; sourceTree = "<group>"; };
		370AA83624E13686005F7281 /* Info.plist */ = {isa = PBXFileReference; lastKnownFileType = text.plist.xml; path = Info.plist; sourceTree = "<group>"; };
		370AA83724E13686005F7281 /* main.m */ = {isa = PBXFileReference; lastKnownFileType = sourcecode.c.objc; path = main.m; sourceTree = "<group>"; };
		370AA83924E13686005F7281 /* LZZJson2OCObject.entitlements */ = {isa = PBXFileReference; lastKnownFileType = text.plist.entitlements; path = LZZJson2OCObject.entitlements; sourceTree = "<group>"; };
		370AA83F24E13FE7005F7281 /* SingleTonInfo.h */ = {isa = PBXFileReference; lastKnownFileType = sourcecode.c.h; path = SingleTonInfo.h; sourceTree = "<group>"; };
		370AA84024E13FE7005F7281 /* SingleTonInfo.m */ = {isa = PBXFileReference; lastKnownFileType = sourcecode.c.objc; path = SingleTonInfo.m; sourceTree = "<group>"; };
		370AA84224E14529005F7281 /* JsonToModelTool.h */ = {isa = PBXFileReference; fileEncoding = 4; lastKnownFileType = sourcecode.c.h; path = JsonToModelTool.h; sourceTree = "<group>"; };
		370AA84324E14529005F7281 /* JsonToModelTool.m */ = {isa = PBXFileReference; fileEncoding = 4; lastKnownFileType = sourcecode.c.objc; path = JsonToModelTool.m; sourceTree = "<group>"; };
		37168EC124E391AD0082C856 /* PrefixHeader.h */ = {isa = PBXFileReference; lastKnownFileType = sourcecode.c.h; path = PrefixHeader.h; sourceTree = "<group>"; };
		37168EC224E391CD0082C856 /* Marcro.h */ = {isa = PBXFileReference; lastKnownFileType = sourcecode.c.h; path = Marcro.h; sourceTree = "<group>"; };
/* End PBXFileReference section */

/* Begin PBXFrameworksBuildPhase section */
		370AA82524E13686005F7281 /* Frameworks */ = {
			isa = PBXFrameworksBuildPhase;
			buildActionMask = 2147483647;
			files = (
			);
			runOnlyForDeploymentPostprocessing = 0;
		};
/* End PBXFrameworksBuildPhase section */

/* Begin PBXGroup section */
		370AA81F24E13686005F7281 = {
			isa = PBXGroup;
			children = (
				370AA82A24E13686005F7281 /* LZZJson2OCObject */,
				370AA82924E13686005F7281 /* Products */,
			);
			sourceTree = "<group>";
		};
		370AA82924E13686005F7281 /* Products */ = {
			isa = PBXGroup;
			children = (
				370AA82824E13686005F7281 /* Json转OC实体.app */,
			);
			name = Products;
			sourceTree = "<group>";
		};
		370AA82A24E13686005F7281 /* LZZJson2OCObject */ = {
			isa = PBXGroup;
			children = (
				370AA82B24E13686005F7281 /* AppDelegate.h */,
				370AA82C24E13686005F7281 /* AppDelegate.m */,
				370AA82E24E13686005F7281 /* ViewController.h */,
				370AA82F24E13686005F7281 /* ViewController.m */,
				370AA83F24E13FE7005F7281 /* SingleTonInfo.h */,
				370AA84024E13FE7005F7281 /* SingleTonInfo.m */,
				370AA84224E14529005F7281 /* JsonToModelTool.h */,
				370AA84324E14529005F7281 /* JsonToModelTool.m */,
				37168EC224E391CD0082C856 /* Marcro.h */,
				37168EC124E391AD0082C856 /* PrefixHeader.h */,
				370AA83124E13686005F7281 /* Assets.xcassets */,
				370AA83324E13686005F7281 /* Main.storyboard */,
				370AA83624E13686005F7281 /* Info.plist */,
				370AA83724E13686005F7281 /* main.m */,
				370AA83924E13686005F7281 /* LZZJson2OCObject.entitlements */,
			);
			path = LZZJson2OCObject;
			sourceTree = "<group>";
		};
/* End PBXGroup section */

/* Begin PBXNativeTarget section */
		370AA82724E13686005F7281 /* LZZJson2OCObject */ = {
			isa = PBXNativeTarget;
			buildConfigurationList = 370AA83C24E13686005F7281 /* Build configuration list for PBXNativeTarget "LZZJson2OCObject" */;
			buildPhases = (
				370AA82424E13686005F7281 /* Sources */,
				370AA82524E13686005F7281 /* Frameworks */,
				370AA82624E13686005F7281 /* Resources */,
			);
			buildRules = (
			);
			dependencies = (
			);
			name = LZZJson2OCObject;
			productName = LZZJson2OCObject;
			productReference = 370AA82824E13686005F7281 /* Json转OC实体.app */;
			productType = "com.apple.product-type.application";
		};
/* End PBXNativeTarget section */

/* Begin PBXProject section */
		370AA82024E13686005F7281 /* Project object */ = {
			isa = PBXProject;
			attributes = {
				LastUpgradeCheck = 1150;
				ORGANIZATIONNAME = Chemm;
				TargetAttributes = {
					370AA82724E13686005F7281 = {
						CreatedOnToolsVersion = 11.5;
					};
				};
			};
			buildConfigurationList = 370AA82324E13686005F7281 /* Build configuration list for PBXProject "LZZJson2OCObject" */;
			compatibilityVersion = "Xcode 9.3";
			developmentRegion = en;
			hasScannedForEncodings = 0;
			knownRegions = (
				en,
				Base,
			);
			mainGroup = 370AA81F24E13686005F7281;
			productRefGroup = 370AA82924E13686005F7281 /* Products */;
			projectDirPath = "";
			projectRoot = "";
			targets = (
				370AA82724E13686005F7281 /* LZZJson2OCObject */,
			);
		};
/* End PBXProject section */

/* Begin PBXResourcesBuildPhase section */
		370AA82624E13686005F7281 /* Resources */ = {
			isa = PBXResourcesBuildPhase;
			buildActionMask = 2147483647;
			files = (
				370AA83224E13686005F7281 /* Assets.xcassets in Resources */,
				370AA83524E13686005F7281 /* Main.storyboard in Resources */,
			);
			runOnlyForDeploymentPostprocessing = 0;
		};
/* End PBXResourcesBuildPhase section */

/* Begin PBXSourcesBuildPhase section */
		370AA82424E13686005F7281 /* Sources */ = {
			isa = PBXSourcesBuildPhase;
			buildActionMask = 2147483647;
			files = (
				370AA83024E13686005F7281 /* ViewController.m in Sources */,
				370AA84124E13FE7005F7281 /* SingleTonInfo.m in Sources */,
				370AA83824E13686005F7281 /* main.m in Sources */,
				370AA84424E14529005F7281 /* JsonToModelTool.m in Sources */,
				370AA82D24E13686005F7281 /* AppDelegate.m in Sources */,
			);
			runOnlyForDeploymentPostprocessing = 0;
		};
/* End PBXSourcesBuildPhase section */

/* Begin PBXVariantGroup section */
		370AA83324E13686005F7281 /* Main.storyboard */ = {
			isa = PBXVariantGroup;
			children = (
				370AA83424E13686005F7281 /* Base */,
			);
			name = Main.storyboard;
			sourceTree = "<group>";
		};
/* End PBXVariantGroup section */

/* Begin XCBuildConfiguration section */
		370AA83A24E13686005F7281 /* Debug */ = {
			isa = XCBuildConfiguration;
			buildSettings = {
				ALWAYS_SEARCH_USER_PATHS = NO;
				CLANG_ANALYZER_NONNULL = YES;
				CLANG_ANALYZER_NUMBER_OBJECT_CONVERSION = YES_AGGRESSIVE;
				CLANG_CXX_LANGUAGE_STANDARD = "gnu++14";
				CLANG_CXX_LIBRARY = "libc++";
				CLANG_ENABLE_MODULES = YES;
				CLANG_ENABLE_OBJC_ARC = YES;
				CLANG_ENABLE_OBJC_WEAK = YES;
				CLANG_WARN_BLOCK_CAPTURE_AUTORELEASING = YES;
				CLANG_WARN_BOOL_CONVERSION = YES;
				CLANG_WARN_COMMA = YES;
				CLANG_WARN_CONSTANT_CONVERSION = YES;
				CLANG_WARN_DEPRECATED_OBJC_IMPLEMENTATIONS = YES;
				CLANG_WARN_DIRECT_OBJC_ISA_USAGE = YES_ERROR;
				CLANG_WARN_DOCUMENTATION_COMMENTS = YES;
				CLANG_WARN_EMPTY_BODY = YES;
				CLANG_WARN_ENUM_CONVERSION = YES;
				CLANG_WARN_INFINITE_RECURSION = YES;
				CLANG_WARN_INT_CONVERSION = YES;
				CLANG_WARN_NON_LITERAL_NULL_CONVERSION = YES;
				CLANG_WARN_OBJC_IMPLICIT_RETAIN_SELF = YES;
				CLANG_WARN_OBJC_LITERAL_CONVERSION = YES;
				CLANG_WARN_OBJC_ROOT_CLASS = YES_ERROR;
				CLANG_WARN_RANGE_LOOP_ANALYSIS = YES;
				CLANG_WARN_STRICT_PROTOTYPES = YES;
				CLANG_WARN_SUSPICIOUS_MOVE = YES;
				CLANG_WARN_UNGUARDED_AVAILABILITY = YES_AGGRESSIVE;
				CLANG_WARN_UNREACHABLE_CODE = YES;
				CLANG_WARN__DUPLICATE_METHOD_MATCH = YES;
				COPY_PHASE_STRIP = NO;
				DEBUG_INFORMATION_FORMAT = dwarf;
				ENABLE_STRICT_OBJC_MSGSEND = YES;
				ENABLE_TESTABILITY = YES;
				GCC_C_LANGUAGE_STANDARD = gnu11;
				GCC_DYNAMIC_NO_PIC = NO;
				GCC_NO_COMMON_BLOCKS = YES;
				GCC_OPTIMIZATION_LEVEL = 0;
				GCC_PREPROCESSOR_DEFINITIONS = (
					"DEBUG=1",
					"$(inherited)",
				);
				GCC_WARN_64_TO_32_BIT_CONVERSION = YES;
				GCC_WARN_ABOUT_RETURN_TYPE = YES_ERROR;
				GCC_WARN_UNDECLARED_SELECTOR = YES;
				GCC_WARN_UNINITIALIZED_AUTOS = YES_AGGRESSIVE;
				GCC_WARN_UNUSED_FUNCTION = YES;
				GCC_WARN_UNUSED_VARIABLE = YES;
				MACOSX_DEPLOYMENT_TARGET = 10.15;
				MTL_ENABLE_DEBUG_INFO = INCLUDE_SOURCE;
				MTL_FAST_MATH = YES;
				ONLY_ACTIVE_ARCH = YES;
				SDKROOT = macosx;
			};
			name = Debug;
		};
		370AA83B24E13686005F7281 /* Release */ = {
			isa = XCBuildConfiguration;
			buildSettings = {
				ALWAYS_SEARCH_USER_PATHS = NO;
				CLANG_ANALYZER_NONNULL = YES;
				CLANG_ANALYZER_NUMBER_OBJECT_CONVERSION = YES_AGGRESSIVE;
				CLANG_CXX_LANGUAGE_STANDARD = "gnu++14";
				CLANG_CXX_LIBRARY = "libc++";
				CLANG_ENABLE_MODULES = YES;
				CLANG_ENABLE_OBJC_ARC = YES;
				CLANG_ENABLE_OBJC_WEAK = YES;
				CLANG_WARN_BLOCK_CAPTURE_AUTORELEASING = YES;
				CLANG_WARN_BOOL_CONVERSION = YES;
				CLANG_WARN_COMMA = YES;
				CLANG_WARN_CONSTANT_CONVERSION = YES;
				CLANG_WARN_DEPRECATED_OBJC_IMPLEMENTATIONS = YES;
				CLANG_WARN_DIRECT_OBJC_ISA_USAGE = YES_ERROR;
				CLANG_WARN_DOCUMENTATION_COMMENTS = YES;
				CLANG_WARN_EMPTY_BODY = YES;
				CLANG_WARN_ENUM_CONVERSION = YES;
				CLANG_WARN_INFINITE_RECURSION = YES;
				CLANG_WARN_INT_CONVERSION = YES;
				CLANG_WARN_NON_LITERAL_NULL_CONVERSION = YES;
				CLANG_WARN_OBJC_IMPLICIT_RETAIN_SELF = YES;
				CLANG_WARN_OBJC_LITERAL_CONVERSION = YES;
				CLANG_WARN_OBJC_ROOT_CLASS = YES_ERROR;
				CLANG_WARN_RANGE_LOOP_ANALYSIS = YES;
				CLANG_WARN_STRICT_PROTOTYPES = YES;
				CLANG_WARN_SUSPICIOUS_MOVE = YES;
				CLANG_WARN_UNGUARDED_AVAILABILITY = YES_AGGRESSIVE;
				CLANG_WARN_UNREACHABLE_CODE = YES;
				CLANG_WARN__DUPLICATE_METHOD_MATCH = YES;
				COPY_PHASE_STRIP = NO;
				DEBUG_INFORMATION_FORMAT = "dwarf-with-dsym";
				ENABLE_NS_ASSERTIONS = NO;
				ENABLE_STRICT_OBJC_MSGSEND = YES;
				GCC_C_LANGUAGE_STANDARD = gnu11;
				GCC_NO_COMMON_BLOCKS = YES;
				GCC_WARN_64_TO_32_BIT_CONVERSION = YES;
				GCC_WARN_ABOUT_RETURN_TYPE = YES_ERROR;
				GCC_WARN_UNDECLARED_SELECTOR = YES;
				GCC_WARN_UNINITIALIZED_AUTOS = YES_AGGRESSIVE;
				GCC_WARN_UNUSED_FUNCTION = YES;
				GCC_WARN_UNUSED_VARIABLE = YES;
				MACOSX_DEPLOYMENT_TARGET = 10.15;
				MTL_ENABLE_DEBUG_INFO = NO;
				MTL_FAST_MATH = YES;
				SDKROOT = macosx;
			};
			name = Release;
		};
		370AA83D24E13686005F7281 /* Debug */ = {
			isa = XCBuildConfiguration;
			buildSettings = {
				ASSETCATALOG_COMPILER_APPICON_NAME = AppIcon;
				CODE_SIGN_ENTITLEMENTS = LZZJson2OCObject/LZZJson2OCObject.entitlements;
				CODE_SIGN_IDENTITY = "-";
				CODE_SIGN_STYLE = Automatic;
				COMBINE_HIDPI_IMAGES = YES;
				DEVELOPMENT_TEAM = "";
				ENABLE_HARDENED_RUNTIME = YES;
				GCC_PREFIX_HEADER = "$(SRCROOT)/LZZJson2OCObject/PrefixHeader.h";
				INFOPLIST_FILE = LZZJson2OCObject/Info.plist;
				LD_RUNPATH_SEARCH_PATHS = (
					"$(inherited)",
					"@executable_path/../Frameworks",
				);
				PRODUCT_BUNDLE_IDENTIFIER = com.wanchemm.Json2OCObject;
				PRODUCT_NAME = "Json转OC实体";
				PROVISIONING_PROFILE_SPECIFIER = "";
			};
			name = Debug;
		};
		370AA83E24E13686005F7281 /* Release */ = {
			isa = XCBuildConfiguration;
			buildSettings = {
				ASSETCATALOG_COMPILER_APPICON_NAME = AppIcon;
				CODE_SIGN_ENTITLEMENTS = LZZJson2OCObject/LZZJson2OCObject.entitlements;
				CODE_SIGN_IDENTITY = "-";
				CODE_SIGN_STYLE = Automatic;
				COMBINE_HIDPI_IMAGES = YES;
				DEVELOPMENT_TEAM = "";
				ENABLE_HARDENED_RUNTIME = YES;
				GCC_PREFIX_HEADER = "$(SRCROOT)/LZZJson2OCObject/PrefixHeader.h";
				INFOPLIST_FILE = LZZJson2OCObject/Info.plist;
				LD_RUNPATH_SEARCH_PATHS = (
					"$(inherited)",
					"@executable_path/../Frameworks",
				);
				PRODUCT_BUNDLE_IDENTIFIER = com.wanchemm.Json2OCObject;
				PRODUCT_NAME = "Json转OC实体";
				PROVISIONING_PROFILE_SPECIFIER = "";
			};
			name = Release;
		};
/* End XCBuildConfiguration section */

/* Begin XCConfigurationList section */
		370AA82324E13686005F7281 /* Build configuration list for PBXProject "LZZJson2OCObject" */ = {
			isa = XCConfigurationList;
			buildConfigurations = (
				370AA83A24E13686005F7281 /* Debug */,
				370AA83B24E13686005F7281 /* Release */,
			);
			defaultConfigurationIsVisible = 0;
			defaultConfigurationName = Release;
		};
		370AA83C24E13686005F7281 /* Build configuration list for PBXNativeTarget "LZZJson2OCObject" */ = {
			isa = XCConfigurationList;
			buildConfigurations = (
				370AA83D24E13686005F7281 /* Debug */,
				370AA83E24E13686005F7281 /* Release */,
			);
			defaultConfigurationIsVisible = 0;
			defaultConfigurationName = Release;
		};
/* End XCConfigurationList section */
	};
	rootObject = 370AA82024E13686005F7281 /* Project object */;
}
